// !$*UTF8*$!
{
	archiveVersion = 1;
	classes = {
	};
	objectVersion = 77;
	objects = {

/* Begin PBXContainerItemProxy section */
		3EFF12623BB846D784120F5B /* PBXContainerItemProxy */ = {
			isa = PBXContainerItemProxy;
			containerPortal = 35E9D48E2EA00C5900FFF50B /* Project object */;
			proxyType = 1;
			remoteGlobalIDString = 35E9D4952EA00C5900FFF50B;
			remoteInfo = HabitApp;
		};
/* End PBXContainerItemProxy section */

/* Begin PBXFileReference section */
		2E37BA4143AC4D96B232853C /* HabitAppTests.xctest */ = {isa = PBXFileReference; explicitFileType = wrapper.cfbundle; includeInIndex = 0; path = HabitAppTests.xctest; sourceTree = BUILT_PRODUCTS_DIR; };
		35E9D4962EA00C5900FFF50B /* HabitApp.app */ = {isa = PBXFileReference; explicitFileType = wrapper.application; includeInIndex = 0; path = HabitApp.app; sourceTree = BUILT_PRODUCTS_DIR; };
		2F8E1E66B0D1A0F48FD93400 /* HabitAppBasic.app */ = {isa = PBXFileReference; explicitFileType = wrapper.application; includeInIndex = 0; path = HabitAppBasic.app; sourceTree = BUILT_PRODUCTS_DIR; };
		736DBFCC424C6E5D8094041A /* HabitAppPremium.app */ = {isa = PBXFileReference; explicitFileType = wrapper.application; includeInIndex = 0; path = HabitAppPremium.app; sourceTree = BUILT_PRODUCTS_DIR; };
		3821954F79C049771A3BF079 /* HabitAppBasicNotes.app */ = {isa = PBXFileReference; explicitFileType = wrapper.application; includeInIndex = 0; path = HabitAppBasicNotes.app; sourceTree = BUILT_PRODUCTS_DIR; };
		10DF364607865B70E016E8B4 /* HabitAppBasicStats.app */ = {isa = PBXFileReference; explicitFileType = wrapper.application; includeInIndex = 0; path = HabitAppBasicStats.app; sourceTree = BUILT_PRODUCTS_DIR; };
		6E30A01D9E311C1CF730A4F2 /* HabitAppBasicCategories.app */ = {isa = PBXFileReference; explicitFileType = wrapper.application; includeInIndex = 0; path = HabitAppBasicCategories.app; sourceTree = BUILT_PRODUCTS_DIR; };

/* End PBXFileReference section */

/* Begin PBXFileSystemSynchronizedRootGroup section */
		0E0A4488E8514F95B2E3FE9D /* HabitAppTests */ = {
			isa = PBXFileSystemSynchronizedRootGroup;
			path = HabitAppTests;
			sourceTree = "<group>";
		};
		35E9D4982EA00C5900FFF50B /* HabitApp */ = {
			isa = PBXFileSystemSynchronizedRootGroup;
			path = HabitApp;
			sourceTree = "<group>";
		};
/* End PBXFileSystemSynchronizedRootGroup section */

/* Begin PBXFrameworksBuildPhase section */
		35E9D4932EA00C5900FFF50B /* Frameworks */ = {
			isa = PBXFrameworksBuildPhase;
			buildActionMask = 2147483647;
			files = (
			);
			runOnlyForDeploymentPostprocessing = 0;
		};
		4619EFD2D7224363A29F07F7 /* Frameworks */ = {
			isa = PBXFrameworksBuildPhase;
			buildActionMask = 2147483647;
			files = (
			);
			runOnlyForDeploymentPostprocessing = 0;
		};
		B79C167223D6FF1FA46F5350 /* Frameworks */ = {
			isa = PBXFrameworksBuildPhase;
			buildActionMask = 2147483647;
			files = (
			);
			runOnlyForDeploymentPostprocessing = 0;
		};
		C4D8B004C783988DF50E086D /* Frameworks */ = {
			isa = PBXFrameworksBuildPhase;
			buildActionMask = 2147483647;
			files = (
			);
			runOnlyForDeploymentPostprocessing = 0;
		};
		1D7E55D7825CC4CA4462DADE /* Frameworks */ = {
			isa = PBXFrameworksBuildPhase;
			buildActionMask = 2147483647;
			files = (
			);
			runOnlyForDeploymentPostprocessing = 0;
		};
		05F41AF4689C9FEFBF06CA1D /* Frameworks */ = {
			isa = PBXFrameworksBuildPhase;
			buildActionMask = 2147483647;
			files = (
			);
			runOnlyForDeploymentPostprocessing = 0;
		};
		7296542CF1EB286653BAD7A3 /* Frameworks */ = {
			isa = PBXFrameworksBuildPhase;
			buildActionMask = 2147483647;
			files = (
			);
			runOnlyForDeploymentPostprocessing = 0;
		};

/* End PBXFrameworksBuildPhase section */

/* Begin PBXGroup section */
		35E9D48D2EA00C5900FFF50B = {
			isa = PBXGroup;
			children = (
				35E9D4982EA00C5900FFF50B /* HabitApp */,
				0E0A4488E8514F95B2E3FE9D /* HabitAppTests */,
				35E9D4972EA00C5900FFF50B /* Products */,
			);
			sourceTree = "<group>";
		};
		35E9D4972EA00C5900FFF50B /* Products */ = {
			isa = PBXGroup;
			children = (
				35E9D4962EA00C5900FFF50B /* HabitApp.app */,
				2E37BA4143AC4D96B232853C /* HabitAppTests.xctest */,
				2F8E1E66B0D1A0F48FD93400 /* HabitAppBasic.app */,
				736DBFCC424C6E5D8094041A /* HabitAppPremium.app */,
				3821954F79C049771A3BF079 /* HabitAppBasicNotes.app */,
				10DF364607865B70E016E8B4 /* HabitAppBasicStats.app */,
				6E30A01D9E311C1CF730A4F2 /* HabitAppBasicCategories.app */,
			);
			name = Products;
			sourceTree = "<group>";
		};
/* End PBXGroup section */

/* Begin PBXNativeTarget section */
		35E9D4952EA00C5900FFF50B /* HabitApp */ = {
			isa = PBXNativeTarget;
			buildConfigurationList = 35E9D4A12EA00C5C00FFF50B /* Build configuration list for PBXNativeTarget "HabitApp" */;
			buildPhases = (
				35E9D4922EA00C5900FFF50B /* Sources */,
				35E9D4932EA00C5900FFF50B /* Frameworks */,
				35E9D4942EA00C5900FFF50B /* Resources */,
			);
			buildRules = (
			);
			dependencies = (
			);
			fileSystemSynchronizedGroups = (
				35E9D4982EA00C5900FFF50B /* HabitApp */,
			);
			name = HabitApp;
			packageProductDependencies = (
			);
			productName = HabitApp;
			productReference = 35E9D4962EA00C5900FFF50B /* HabitApp.app */;
			productType = "com.apple.product-type.application";
		};
		D08F5EE531194365B6493A64 /* HabitAppTests */ = {
			isa = PBXNativeTarget;
			buildConfigurationList = 27A32E10BC5342B5B9A6759C /* Build configuration list for PBXNativeTarget "HabitAppTests" */;
			buildPhases = (
				E02FC34F06EB42AD9E50E9EE /* Sources */,
				4619EFD2D7224363A29F07F7 /* Frameworks */,
				61959D24D42743D1886BB2D1 /* Resources */,
			);
			buildRules = (
			);
			dependencies = (
				D7D8217966034F0DAC60E03F /* PBXTargetDependency */,
			);
			fileSystemSynchronizedGroups = (
				0E0A4488E8514F95B2E3FE9D /* HabitAppTests */,
			);
			name = HabitAppTests;
			packageProductDependencies = (
			);
			productName = HabitAppTests;
			productReference = 2E37BA4143AC4D96B232853C /* HabitAppTests.xctest */;
			productType = "com.apple.product-type.bundle.unit-test";
		};
		BCB0F9021150839688820135 /* HabitAppBasic */ = {
			isa = PBXNativeTarget;
			buildConfigurationList = 838045EE1CCFF19F99A5F096 /* Build configuration list for PBXNativeTarget "HabitAppBasic" */;
			buildPhases = (
				1D0D30D45782D8258E8926A5 /* Sources */,
				B79C167223D6FF1FA46F5350 /* Frameworks */,
				0913F9C56B60188EC945AF7B /* Resources */,
			);
			buildRules = (
			);
			dependencies = (
			);
			fileSystemSynchronizedGroups = (
				35E9D4982EA00C5900FFF50B /* HabitApp */,
			);
			name = HabitAppBasic;
			packageProductDependencies = (
			);
			productName = HabitAppBasic;
			productReference = 2F8E1E66B0D1A0F48FD93400 /* HabitAppBasic.app */;
			productType = "com.apple.product-type.application";
		};
		C1B74A33E7136CBF7632D60E /* HabitAppPremium */ = {
			isa = PBXNativeTarget;
			buildConfigurationList = 54A3421C38EC7203AB3045A3 /* Build configuration list for PBXNativeTarget "HabitAppPremium" */;
			buildPhases = (
				AA6EDF5F38163D0C0A25E6A7 /* Sources */,
				C4D8B004C783988DF50E086D /* Frameworks */,
				8E17BB8C9A0929D20735EEB2 /* Resources */,
			);
			buildRules = (
			);
			dependencies = (
			);
			fileSystemSynchronizedGroups = (
				35E9D4982EA00C5900FFF50B /* HabitApp */,
			);
			name = HabitAppPremium;
			packageProductDependencies = (
			);
			productName = HabitAppPremium;
			productReference = 736DBFCC424C6E5D8094041A /* HabitAppPremium.app */;
			productType = "com.apple.product-type.application";
		};
		F53ABE0386384D9AF4AA67FE /* HabitAppBasicNotes */ = {
			isa = PBXNativeTarget;
			buildConfigurationList = 75E25033579CEAE1BEEE71EB /* Build configuration list for PBXNativeTarget "HabitAppBasicNotes" */;
			buildPhases = (
				C2D9818A82FE45E80E43109E /* Sources */,
				1D7E55D7825CC4CA4462DADE /* Frameworks */,
				A5BA8DE85932F340195A3690 /* Resources */,
			);
			buildRules = (
			);
			dependencies = (
			);
			fileSystemSynchronizedGroups = (
				35E9D4982EA00C5900FFF50B /* HabitApp */,
			);
			name = HabitAppBasicNotes;
			packageProductDependencies = (
			);
			productName = HabitAppBasicNotes;
			productReference = 3821954F79C049771A3BF079 /* HabitAppBasicNotes.app */;
			productType = "com.apple.product-type.application";
		};
		249B92F4013A727867F1427B /* HabitAppBasicStats */ = {
			isa = PBXNativeTarget;
			buildConfigurationList = 5C1DF9779159132F3C974C14 /* Build configuration list for PBXNativeTarget "HabitAppBasicStats" */;
			buildPhases = (
				28739D53E761A3DF285EBAF3 /* Sources */,
				05F41AF4689C9FEFBF06CA1D /* Frameworks */,
				72655C0183678946EA7DDB21 /* Resources */,
			);
			buildRules = (
			);
			dependencies = (
			);
			fileSystemSynchronizedGroups = (
				35E9D4982EA00C5900FFF50B /* HabitApp */,
			);
			name = HabitAppBasicStats;
			packageProductDependencies = (
			);
			productName = HabitAppBasicStats;
			productReference = 10DF364607865B70E016E8B4 /* HabitAppBasicStats.app */;
			productType = "com.apple.product-type.application";
		};
		FCEB8A7A417E5E2A42977AEE /* HabitAppBasicCategories */ = {
			isa = PBXNativeTarget;
			buildConfigurationList = F2C088BB1481EC537147CD92 /* Build configuration list for PBXNativeTarget "HabitAppBasicCategories" */;
			buildPhases = (
				FC61A4B00987ACD3F0E713EA /* Sources */,
				7296542CF1EB286653BAD7A3 /* Frameworks */,
				D7454F82336DEC4A9B8916A5 /* Resources */,
			);
			buildRules = (
			);
			dependencies = (
			);
			fileSystemSynchronizedGroups = (
				35E9D4982EA00C5900FFF50B /* HabitApp */,
			);
			name = HabitAppBasicCategories;
			packageProductDependencies = (
			);
			productName = HabitAppBasicCategories;
			productReference = 6E30A01D9E311C1CF730A4F2 /* HabitAppBasicCategories.app */;
			productType = "com.apple.product-type.application";
		};

/* End PBXNativeTarget section */

/* Begin PBXProject section */
		35E9D48E2EA00C5900FFF50B /* Project object */ = {
			isa = PBXProject;
			attributes = {
				BuildIndependentTargetsInParallel = 1;
				LastSwiftUpdateCheck = 2600;
				LastUpgradeCheck = 2600;
				TargetAttributes = {
				35E9D4952EA00C5900FFF50B = {
					CreatedOnToolsVersion = 26.0;
				};
				D08F5EE531194365B6493A64 = {
					CreatedOnToolsVersion = 26.0;
					TestTargetID = 35E9D4952EA00C5900FFF50B;
				};
				BCB0F9021150839688820135 = {
					CreatedOnToolsVersion = 26.0;
				};
				C1B74A33E7136CBF7632D60E = {
					CreatedOnToolsVersion = 26.0;
				};
				F53ABE0386384D9AF4AA67FE = {
					CreatedOnToolsVersion = 26.0;
				};
				249B92F4013A727867F1427B = {
					CreatedOnToolsVersion = 26.0;
				};
				FCEB8A7A417E5E2A42977AEE = {
					CreatedOnToolsVersion = 26.0;
				};
				};
			};
			buildConfigurationList = 35E9D4912EA00C5900FFF50B /* Build configuration list for PBXProject "HabitApp" */;
			developmentRegion = en;
			hasScannedForEncodings = 0;
			knownRegions = (
				en,
				Base,
			);
			mainGroup = 35E9D48D2EA00C5900FFF50B;
			minimizedProjectReferenceProxies = 1;
			preferredProjectObjectVersion = 77;
			productRefGroup = 35E9D4972EA00C5900FFF50B /* Products */;
			projectDirPath = "";
			projectRoot = "";
			targets = (
				35E9D4952EA00C5900FFF50B /* HabitApp */,
				D08F5EE531194365B6493A64 /* HabitAppTests */,
				BCB0F9021150839688820135 /* HabitAppBasic */,
				C1B74A33E7136CBF7632D60E /* HabitAppPremium */,
				F53ABE0386384D9AF4AA67FE /* HabitAppBasicNotes */,
				249B92F4013A727867F1427B /* HabitAppBasicStats */,
				FCEB8A7A417E5E2A42977AEE /* HabitAppBasicCategories */,
			);
		};
/* End PBXProject section */

/* Begin PBXResourcesBuildPhase section */
		35E9D4942EA00C5900FFF50B /* Resources */ = {
			isa = PBXResourcesBuildPhase;
			buildActionMask = 2147483647;
			files = (
			);
			runOnlyForDeploymentPostprocessing = 0;
		};
		61959D24D42743D1886BB2D1 /* Resources */ = {
			isa = PBXResourcesBuildPhase;
			buildActionMask = 2147483647;
			files = (
			);
			runOnlyForDeploymentPostprocessing = 0;
		};
		0913F9C56B60188EC945AF7B /* Resources */ = {
			isa = PBXResourcesBuildPhase;
			buildActionMask = 2147483647;
			files = (
			);
			runOnlyForDeploymentPostprocessing = 0;
		};
		8E17BB8C9A0929D20735EEB2 /* Resources */ = {
			isa = PBXResourcesBuildPhase;
			buildActionMask = 2147483647;
			files = (
			);
			runOnlyForDeploymentPostprocessing = 0;
		};
		A5BA8DE85932F340195A3690 /* Resources */ = {
			isa = PBXResourcesBuildPhase;
			buildActionMask = 2147483647;
			files = (
			);
			runOnlyForDeploymentPostprocessing = 0;
		};
		72655C0183678946EA7DDB21 /* Resources */ = {
			isa = PBXResourcesBuildPhase;
			buildActionMask = 2147483647;
			files = (
			);
			runOnlyForDeploymentPostprocessing = 0;
		};
		D7454F82336DEC4A9B8916A5 /* Resources */ = {
			isa = PBXResourcesBuildPhase;
			buildActionMask = 2147483647;
			files = (
			);
			runOnlyForDeploymentPostprocessing = 0;
		};

/* End PBXResourcesBuildPhase section */

/* Begin PBXSourcesBuildPhase section */
		35E9D4922EA00C5900FFF50B /* Sources */ = {
			isa = PBXSourcesBuildPhase;
			buildActionMask = 2147483647;
			files = (
			);
			runOnlyForDeploymentPostprocessing = 0;
		};
		E02FC34F06EB42AD9E50E9EE /* Sources */ = {
			isa = PBXSourcesBuildPhase;
			buildActionMask = 2147483647;
			files = (
			);
			runOnlyForDeploymentPostprocessing = 0;
		};
		1D0D30D45782D8258E8926A5 /* Sources */ = {
			isa = PBXSourcesBuildPhase;
			buildActionMask = 2147483647;
			files = (
			);
			runOnlyForDeploymentPostprocessing = 0;
		};
		AA6EDF5F38163D0C0A25E6A7 /* Sources */ = {
			isa = PBXSourcesBuildPhase;
			buildActionMask = 2147483647;
			files = (
			);
			runOnlyForDeploymentPostprocessing = 0;
		};
		C2D9818A82FE45E80E43109E /* Sources */ = {
			isa = PBXSourcesBuildPhase;
			buildActionMask = 2147483647;
			files = (
			);
			runOnlyForDeploymentPostprocessing = 0;
		};
		28739D53E761A3DF285EBAF3 /* Sources */ = {
			isa = PBXSourcesBuildPhase;
			buildActionMask = 2147483647;
			files = (
			);
			runOnlyForDeploymentPostprocessing = 0;
		};
		FC61A4B00987ACD3F0E713EA /* Sources */ = {
			isa = PBXSourcesBuildPhase;
			buildActionMask = 2147483647;
			files = (
			);
			runOnlyForDeploymentPostprocessing = 0;
		};

/* End PBXSourcesBuildPhase section */

/* Begin PBXTargetDependency section */
		D7D8217966034F0DAC60E03F /* PBXTargetDependency */ = {
			isa = PBXTargetDependency;
			target = 35E9D4952EA00C5900FFF50B /* HabitApp */;
			targetProxy = 3EFF12623BB846D784120F5B /* PBXContainerItemProxy */;
		};
/* End PBXTargetDependency section */

		23DF310925E042C2809F61D5 /* Debug */ = {
			isa = XCBuildConfiguration;
			buildSettings = {
				BUNDLE_LOADER = "$(TEST_HOST)";
				CODE_SIGN_STYLE = Automatic;
				CURRENT_PROJECT_VERSION = 1;
				GENERATE_INFOPLIST_FILE = YES;
				IPHONEOS_DEPLOYMENT_TARGET = 26.0;
				MACOSX_DEPLOYMENT_TARGET = 26.0;
				MARKETING_VERSION = 1.0;
				PRODUCT_BUNDLE_IDENTIFIER = es.ual.HabitAppTests;
				PRODUCT_NAME = "$(TARGET_NAME)";
				SDKROOT = auto;
				STRING_CATALOG_GENERATE_SYMBOLS = NO;
				SUPPORTED_PLATFORMS = "iphoneos iphonesimulator macosx xros xrsimulator";
				SWIFT_APPROACHABLE_CONCURRENCY = YES;
				SWIFT_EMIT_LOC_STRINGS = NO;
				SWIFT_UPCOMING_FEATURE_MEMBER_IMPORT_VISIBILITY = YES;
				SWIFT_VERSION = 5.0;
				TARGETED_DEVICE_FAMILY = "1,2,7";
				TEST_HOST = "$(BUILT_PRODUCTS_DIR)/HabitApp.app/$(BUNDLE_EXECUTABLE_FOLDER_PATH)/HabitApp";
				XROS_DEPLOYMENT_TARGET = 26.0;
			};
			name = Debug;
		};
		35E9D49F2EA00C5C00FFF50B /* Debug */ = {
			isa = XCBuildConfiguration;
			buildSettings = {
				ALWAYS_SEARCH_USER_PATHS = NO;
				ASSETCATALOG_COMPILER_GENERATE_SWIFT_ASSET_SYMBOL_EXTENSIONS = YES;
				CLANG_ANALYZER_NONNULL = YES;
				CLANG_ANALYZER_NUMBER_OBJECT_CONVERSION = YES_AGGRESSIVE;
				CLANG_CXX_LANGUAGE_STANDARD = "gnu++20";
				CLANG_ENABLE_MODULES = YES;
				CLANG_ENABLE_OBJC_ARC = YES;
				CLANG_ENABLE_OBJC_WEAK = YES;
				CLANG_WARN_BLOCK_CAPTURE_AUTORELEASING = YES;
				CLANG_WARN_BOOL_CONVERSION = YES;
				CLANG_WARN_COMMA = YES;
				CLANG_WARN_CONSTANT_CONVERSION = YES;
				CLANG_WARN_DEPRECATED_OBJC_IMPLEMENTATIONS = YES;
				CLANG_WARN_DIRECT_OBJC_ISA_USAGE = YES_ERROR;
				CLANG_WARN_DOCUMENTATION_COMMENTS = YES;
				CLANG_WARN_EMPTY_BODY = YES;
				CLANG_WARN_ENUM_CONVERSION = YES;
				CLANG_WARN_INFINITE_RECURSION = YES;
				CLANG_WARN_INT_CONVERSION = YES;
				CLANG_WARN_NON_LITERAL_NULL_CONVERSION = YES;
				CLANG_WARN_OBJC_IMPLICIT_RETAIN_SELF = YES;
				CLANG_WARN_OBJC_LITERAL_CONVERSION = YES;
				CLANG_WARN_OBJC_ROOT_CLASS = YES_ERROR;
				CLANG_WARN_QUOTED_INCLUDE_IN_FRAMEWORK_HEADER = YES;
				CLANG_WARN_RANGE_LOOP_ANALYSIS = YES;
				CLANG_WARN_STRICT_PROTOTYPES = YES;
				CLANG_WARN_SUSPICIOUS_MOVE = YES;
				CLANG_WARN_UNGUARDED_AVAILABILITY = YES_AGGRESSIVE;
				CLANG_WARN_UNREACHABLE_CODE = YES;
				CLANG_WARN__DUPLICATE_METHOD_MATCH = YES;
				COPY_PHASE_STRIP = NO;
				DEBUG_INFORMATION_FORMAT = dwarf;
				ENABLE_STRICT_OBJC_MSGSEND = YES;
				ENABLE_TESTABILITY = YES;
				ENABLE_USER_SCRIPT_SANDBOXING = YES;
				GCC_C_LANGUAGE_STANDARD = gnu17;
				GCC_DYNAMIC_NO_PIC = NO;
				GCC_NO_COMMON_BLOCKS = YES;
				GCC_OPTIMIZATION_LEVEL = 0;
				GCC_PREPROCESSOR_DEFINITIONS = (
					"DEBUG=1",
					"$(inherited)",
				);
				GCC_WARN_64_TO_32_BIT_CONVERSION = YES;
				GCC_WARN_ABOUT_RETURN_TYPE = YES_ERROR;
				GCC_WARN_UNDECLARED_SELECTOR = YES;
				GCC_WARN_UNINITIALIZED_AUTOS = YES_AGGRESSIVE;
				GCC_WARN_UNUSED_FUNCTION = YES;
				GCC_WARN_UNUSED_VARIABLE = YES;
				LOCALIZATION_PREFERS_STRING_CATALOGS = YES;
				MTL_ENABLE_DEBUG_INFO = INCLUDE_SOURCE;
				MTL_FAST_MATH = YES;
				ONLY_ACTIVE_ARCH = YES;
				SWIFT_ACTIVE_COMPILATION_CONDITIONS = "DEBUG $(inherited)";
				SWIFT_OPTIMIZATION_LEVEL = "-Onone";
			};
			name = Debug;
		};
		35E9D4A02EA00C5C00FFF50B /* Release */ = {
			isa = XCBuildConfiguration;
			buildSettings = {
				ALWAYS_SEARCH_USER_PATHS = NO;
				ASSETCATALOG_COMPILER_GENERATE_SWIFT_ASSET_SYMBOL_EXTENSIONS = YES;
				CLANG_ANALYZER_NONNULL = YES;
				CLANG_ANALYZER_NUMBER_OBJECT_CONVERSION = YES_AGGRESSIVE;
				CLANG_CXX_LANGUAGE_STANDARD = "gnu++20";
				CLANG_ENABLE_MODULES = YES;
				CLANG_ENABLE_OBJC_ARC = YES;
				CLANG_ENABLE_OBJC_WEAK = YES;
				CLANG_WARN_BLOCK_CAPTURE_AUTORELEASING = YES;
				CLANG_WARN_BOOL_CONVERSION = YES;
				CLANG_WARN_COMMA = YES;
				CLANG_WARN_CONSTANT_CONVERSION = YES;
				CLANG_WARN_DEPRECATED_OBJC_IMPLEMENTATIONS = YES;
				CLANG_WARN_DIRECT_OBJC_ISA_USAGE = YES_ERROR;
				CLANG_WARN_DOCUMENTATION_COMMENTS = YES;
				CLANG_WARN_EMPTY_BODY = YES;
				CLANG_WARN_ENUM_CONVERSION = YES;
				CLANG_WARN_INFINITE_RECURSION = YES;
				CLANG_WARN_INT_CONVERSION = YES;
				CLANG_WARN_NON_LITERAL_NULL_CONVERSION = YES;
				CLANG_WARN_OBJC_IMPLICIT_RETAIN_SELF = YES;
				CLANG_WARN_OBJC_LITERAL_CONVERSION = YES;
				CLANG_WARN_OBJC_ROOT_CLASS = YES_ERROR;
				CLANG_WARN_QUOTED_INCLUDE_IN_FRAMEWORK_HEADER = YES;
				CLANG_WARN_RANGE_LOOP_ANALYSIS = YES;
				CLANG_WARN_STRICT_PROTOTYPES = YES;
				CLANG_WARN_SUSPICIOUS_MOVE = YES;
				CLANG_WARN_UNGUARDED_AVAILABILITY = YES_AGGRESSIVE;
				CLANG_WARN_UNREACHABLE_CODE = YES;
				CLANG_WARN__DUPLICATE_METHOD_MATCH = YES;
				COPY_PHASE_STRIP = NO;
				DEBUG_INFORMATION_FORMAT = "dwarf-with-dsym";
				ENABLE_NS_ASSERTIONS = NO;
				ENABLE_STRICT_OBJC_MSGSEND = YES;
				ENABLE_USER_SCRIPT_SANDBOXING = YES;
				GCC_C_LANGUAGE_STANDARD = gnu17;
				GCC_NO_COMMON_BLOCKS = YES;
				GCC_WARN_64_TO_32_BIT_CONVERSION = YES;
				GCC_WARN_ABOUT_RETURN_TYPE = YES_ERROR;
				GCC_WARN_UNDECLARED_SELECTOR = YES;
				GCC_WARN_UNINITIALIZED_AUTOS = YES_AGGRESSIVE;
				GCC_WARN_UNUSED_FUNCTION = YES;
				GCC_WARN_UNUSED_VARIABLE = YES;
				LOCALIZATION_PREFERS_STRING_CATALOGS = YES;
				MTL_ENABLE_DEBUG_INFO = NO;
				MTL_FAST_MATH = YES;
				SWIFT_COMPILATION_MODE = wholemodule;
			};
			name = Release;
		};
		35E9D4A22EA00C5C00FFF50B /* Debug */ = {
			isa = XCBuildConfiguration;
			buildSettings = {
				ASSETCATALOG_COMPILER_APPICON_NAME = AppIcon;
				ASSETCATALOG_COMPILER_GLOBAL_ACCENT_COLOR_NAME = AccentColor;
				CODE_SIGN_STYLE = Automatic;
				CURRENT_PROJECT_VERSION = 1;
				ENABLE_APP_SANDBOX = YES;
				ENABLE_PREVIEWS = YES;
				ENABLE_USER_SELECTED_FILES = readonly;
				GENERATE_INFOPLIST_FILE = YES;
				"INFOPLIST_KEY_UIApplicationSceneManifest_Generation[sdk=iphoneos*]" = YES;
				"INFOPLIST_KEY_UIApplicationSceneManifest_Generation[sdk=iphonesimulator*]" = YES;
				"INFOPLIST_KEY_UIApplicationSupportsIndirectInputEvents[sdk=iphoneos*]" = YES;
				"INFOPLIST_KEY_UIApplicationSupportsIndirectInputEvents[sdk=iphonesimulator*]" = YES;
				"INFOPLIST_KEY_UILaunchScreen_Generation[sdk=iphoneos*]" = YES;
				"INFOPLIST_KEY_UILaunchScreen_Generation[sdk=iphonesimulator*]" = YES;
				"INFOPLIST_KEY_UIStatusBarStyle[sdk=iphoneos*]" = UIStatusBarStyleDefault;
				"INFOPLIST_KEY_UIStatusBarStyle[sdk=iphonesimulator*]" = UIStatusBarStyleDefault;
				INFOPLIST_KEY_UISupportedInterfaceOrientations_iPad = "UIInterfaceOrientationPortrait UIInterfaceOrientationPortraitUpsideDown UIInterfaceOrientationLandscapeLeft UIInterfaceOrientationLandscapeRight";
				INFOPLIST_KEY_UISupportedInterfaceOrientations_iPhone = "UIInterfaceOrientationPortrait UIInterfaceOrientationLandscapeLeft UIInterfaceOrientationLandscapeRight";
				IPHONEOS_DEPLOYMENT_TARGET = 26.0;
				LD_RUNPATH_SEARCH_PATHS = "@executable_path/Frameworks";
				"LD_RUNPATH_SEARCH_PATHS[sdk=macosx*]" = "@executable_path/../Frameworks";
				MACOSX_DEPLOYMENT_TARGET = 26.0;
				MARKETING_VERSION = 1.0;
				PRODUCT_BUNDLE_IDENTIFIER = es.ual.HabitApp;
				PRODUCT_NAME = "$(TARGET_NAME)";
				REGISTER_APP_GROUPS = YES;
				SDKROOT = auto;
				STRING_CATALOG_GENERATE_SYMBOLS = YES;
				SUPPORTED_PLATFORMS = "iphoneos iphonesimulator macosx xros xrsimulator";
				SWIFT_APPROACHABLE_CONCURRENCY = YES;
				SWIFT_DEFAULT_ACTOR_ISOLATION = MainActor;
				SWIFT_EMIT_LOC_STRINGS = YES;
				SWIFT_UPCOMING_FEATURE_MEMBER_IMPORT_VISIBILITY = YES;
				SWIFT_VERSION = 5.0;
				TARGETED_DEVICE_FAMILY = "1,2,7";
				XROS_DEPLOYMENT_TARGET = 26.0;
				SWIFT_ACTIVE_COMPILATION_CONDITIONS = "$(inherited) PREMIUM PLUGIN_NOTES PLUGIN_STATS PLUGIN_CATEGORIES";
			};
			name = Debug;
		};
		35E9D4A32EA00C5C00FFF50B /* Release */ = {
			isa = XCBuildConfiguration;
			buildSettings = {
				ASSETCATALOG_COMPILER_APPICON_NAME = AppIcon;
				ASSETCATALOG_COMPILER_GLOBAL_ACCENT_COLOR_NAME = AccentColor;
				CODE_SIGN_STYLE = Automatic;
				CURRENT_PROJECT_VERSION = 1;
				ENABLE_APP_SANDBOX = YES;
				ENABLE_PREVIEWS = YES;
				ENABLE_USER_SELECTED_FILES = readonly;
				GENERATE_INFOPLIST_FILE = YES;
				"INFOPLIST_KEY_UIApplicationSceneManifest_Generation[sdk=iphoneos*]" = YES;
				"INFOPLIST_KEY_UIApplicationSceneManifest_Generation[sdk=iphonesimulator*]" = YES;
				"INFOPLIST_KEY_UIApplicationSupportsIndirectInputEvents[sdk=iphoneos*]" = YES;
				"INFOPLIST_KEY_UIApplicationSupportsIndirectInputEvents[sdk=iphonesimulator*]" = YES;
				"INFOPLIST_KEY_UILaunchScreen_Generation[sdk=iphoneos*]" = YES;
				"INFOPLIST_KEY_UILaunchScreen_Generation[sdk=iphonesimulator*]" = YES;
				"INFOPLIST_KEY_UIStatusBarStyle[sdk=iphoneos*]" = UIStatusBarStyleDefault;
				"INFOPLIST_KEY_UIStatusBarStyle[sdk=iphonesimulator*]" = UIStatusBarStyleDefault;
				INFOPLIST_KEY_UISupportedInterfaceOrientations_iPad = "UIInterfaceOrientationPortrait UIInterfaceOrientationPortraitUpsideDown UIInterfaceOrientationLandscapeLeft UIInterfaceOrientationLandscapeRight";
				INFOPLIST_KEY_UISupportedInterfaceOrientations_iPhone = "UIInterfaceOrientationPortrait UIInterfaceOrientationLandscapeLeft UIInterfaceOrientationLandscapeRight";
				IPHONEOS_DEPLOYMENT_TARGET = 26.0;
				LD_RUNPATH_SEARCH_PATHS = "@executable_path/Frameworks";
				"LD_RUNPATH_SEARCH_PATHS[sdk=macosx*]" = "@executable_path/../Frameworks";
				MACOSX_DEPLOYMENT_TARGET = 26.0;
				MARKETING_VERSION = 1.0;
				PRODUCT_BUNDLE_IDENTIFIER = es.ual.HabitApp;
				PRODUCT_NAME = "$(TARGET_NAME)";
				REGISTER_APP_GROUPS = YES;
				SDKROOT = auto;
				STRING_CATALOG_GENERATE_SYMBOLS = YES;
				SUPPORTED_PLATFORMS = "iphoneos iphonesimulator macosx xros xrsimulator";
				SWIFT_APPROACHABLE_CONCURRENCY = YES;
				SWIFT_DEFAULT_ACTOR_ISOLATION = MainActor;
				SWIFT_EMIT_LOC_STRINGS = YES;
				SWIFT_UPCOMING_FEATURE_MEMBER_IMPORT_VISIBILITY = YES;
				SWIFT_VERSION = 5.0;
				TARGETED_DEVICE_FAMILY = "1,2,7";
				XROS_DEPLOYMENT_TARGET = 26.0;
				SWIFT_ACTIVE_COMPILATION_CONDITIONS = "$(inherited) PREMIUM PLUGIN_NOTES PLUGIN_STATS PLUGIN_CATEGORIES";
			};
			name = Release;
		};
		8D3901C1519746D995AF4C6E /* Release */ = {
			isa = XCBuildConfiguration;
			buildSettings = {
				BUNDLE_LOADER = "$(TEST_HOST)";
				CODE_SIGN_STYLE = Automatic;
				CURRENT_PROJECT_VERSION = 1;
				GENERATE_INFOPLIST_FILE = YES;
				IPHONEOS_DEPLOYMENT_TARGET = 26.0;
				MACOSX_DEPLOYMENT_TARGET = 26.0;
				MARKETING_VERSION = 1.0;
				PRODUCT_BUNDLE_IDENTIFIER = es.ual.HabitAppTests;
				PRODUCT_NAME = "$(TARGET_NAME)";
				SDKROOT = auto;
				STRING_CATALOG_GENERATE_SYMBOLS = NO;
				SUPPORTED_PLATFORMS = "iphoneos iphonesimulator macosx xros xrsimulator";
				SWIFT_APPROACHABLE_CONCURRENCY = YES;
				SWIFT_EMIT_LOC_STRINGS = NO;
				SWIFT_UPCOMING_FEATURE_MEMBER_IMPORT_VISIBILITY = YES;
				SWIFT_VERSION = 5.0;
				TARGETED_DEVICE_FAMILY = "1,2,7";
				TEST_HOST = "$(BUILT_PRODUCTS_DIR)/HabitApp.app/$(BUNDLE_EXECUTABLE_FOLDER_PATH)/HabitApp";
				XROS_DEPLOYMENT_TARGET = 26.0;
			};
			name = Release;
		};
		F2230921D1B6E7F1E9179EA0 /* Debug */ = {
			isa = XCBuildConfiguration;
			buildSettings = {
				ASSETCATALOG_COMPILER_APPICON_NAME = AppIcon;
				ASSETCATALOG_COMPILER_GLOBAL_ACCENT_COLOR_NAME = AccentColor;
				CODE_SIGN_STYLE = Automatic;
				CURRENT_PROJECT_VERSION = 1;
				ENABLE_APP_SANDBOX = YES;
				ENABLE_PREVIEWS = YES;
				ENABLE_USER_SELECTED_FILES = readonly;
				GENERATE_INFOPLIST_FILE = YES;
				"INFOPLIST_KEY_UIApplicationSceneManifest_Generation[sdk=iphoneos*]" = YES;
				"INFOPLIST_KEY_UIApplicationSceneManifest_Generation[sdk=iphonesimulator*]" = YES;
				"INFOPLIST_KEY_UIApplicationSupportsIndirectInputEvents[sdk=iphoneos*]" = YES;
				"INFOPLIST_KEY_UIApplicationSupportsIndirectInputEvents[sdk=iphonesimulator*]" = YES;
				"INFOPLIST_KEY_UILaunchScreen_Generation[sdk=iphoneos*]" = YES;
				"INFOPLIST_KEY_UILaunchScreen_Generation[sdk=iphonesimulator*]" = YES;
				"INFOPLIST_KEY_UIStatusBarStyle[sdk=iphoneos*]" = UIStatusBarStyleDefault;
				"INFOPLIST_KEY_UIStatusBarStyle[sdk=iphonesimulator*]" = UIStatusBarStyleDefault;
				INFOPLIST_KEY_UISupportedInterfaceOrientations_iPad = "UIInterfaceOrientationPortrait UIInterfaceOrientationPortraitUpsideDown UIInterfaceOrientationLandscapeLeft UIInterfaceOrientationLandscapeRight";
				INFOPLIST_KEY_UISupportedInterfaceOrientations_iPhone = "UIInterfaceOrientationPortrait UIInterfaceOrientationLandscapeLeft UIInterfaceOrientationLandscapeRight";
				IPHONEOS_DEPLOYMENT_TARGET = 26.0;
				LD_RUNPATH_SEARCH_PATHS = "@executable_path/Frameworks";
				"LD_RUNPATH_SEARCH_PATHS[sdk=macosx*]" = "@executable_path/../Frameworks";
				MACOSX_DEPLOYMENT_TARGET = 26.0;
				MARKETING_VERSION = 1.0;
				PRODUCT_BUNDLE_IDENTIFIER = es.ual.HabitAppBasic;
				PRODUCT_NAME = "$(TARGET_NAME)";
				REGISTER_APP_GROUPS = YES;
				SDKROOT = auto;
				STRING_CATALOG_GENERATE_SYMBOLS = YES;
				SUPPORTED_PLATFORMS = "iphoneos iphonesimulator macosx xros xrsimulator";
				SWIFT_APPROACHABLE_CONCURRENCY = YES;
				SWIFT_DEFAULT_ACTOR_ISOLATION = MainActor;
				SWIFT_EMIT_LOC_STRINGS = YES;
				SWIFT_UPCOMING_FEATURE_MEMBER_IMPORT_VISIBILITY = YES;
				SWIFT_VERSION = 5.0;
				TARGETED_DEVICE_FAMILY = "1,2,7";
				XROS_DEPLOYMENT_TARGET = 26.0;
				SWIFT_ACTIVE_COMPILATION_CONDITIONS = "$(inherited) BASIC";
				EXCLUDED_SOURCE_FILE_NAMES = (
					"CoreCompletionStatsAdapter.swift",
					"CoreHabitStatsAdapter.swift",
					"DayDetailView.swift",
					"HabitBreakdownRowView.swift",
					"HabitCategoryAssignment.swift",
					"HabitCategoryDetailView.swift",
					"HabitCategoryPlugin.swift",
					"HabitCategoryRowView.swift",
					"HabitCategoryStorage.swift",
					"HabitCategoryViewModel.swift",
					"HabitCompletionRecord.swift",
					"HabitNote.swift",
					"HabitNoteDetailView.swift",
					"HabitNotePlugin.swift",
					"HabitNoteRowView.swift",
					"HabitNoteStorage.swift",
					"HabitNoteViewModel.swift",
					"HabitNotesSectionView.swift",
					"HabitNotesSectionViewModel.swift",
					"HabitStatisticsPlugin.swift",
					"HabitStatisticsSettingsView.swift",
					"HabitStatisticsView.swift",
					"HabitStatisticsViewModel.swift",
					"HabitStreakSummaryView.swift",
					"HabitStreakSummaryViewModel.swift",
					"MonthlyCalendarView.swift",
					"NoteDraft.swift",
					"NoteEditorView.swift",
					"NotesListView.swift",
					"NotesListViewModel.swift",
					"RecapDetailScreen.swift",
					"RecapDetailViewModel.swift",
					"StatisticsContracts.swift",
					"StatisticsDashboardView.swift",
					"StatsCalculator.swift",
					"StatsChartViews.swift",
					"StatsDateFormatter.swift",
					"StatsHabitFilterView.swift",
					"StatsHighlightBuilder.swift",
					"StatsLoadState.swift",
					"StatsModels.swift",
					"StatsOverviewScreen.swift",
					"StatsOverviewViewModel.swift",
					"StatsPeriod.swift",
					"StatsQuickCalendarView.swift",
				);
			};
			name = Debug;
		};
		04CE79156D1A91762B765E1C /* Release */ = {
			isa = XCBuildConfiguration;
			buildSettings = {
				ASSETCATALOG_COMPILER_APPICON_NAME = AppIcon;
				ASSETCATALOG_COMPILER_GLOBAL_ACCENT_COLOR_NAME = AccentColor;
				CODE_SIGN_STYLE = Automatic;
				CURRENT_PROJECT_VERSION = 1;
				ENABLE_APP_SANDBOX = YES;
				ENABLE_PREVIEWS = YES;
				ENABLE_USER_SELECTED_FILES = readonly;
				GENERATE_INFOPLIST_FILE = YES;
				"INFOPLIST_KEY_UIApplicationSceneManifest_Generation[sdk=iphoneos*]" = YES;
				"INFOPLIST_KEY_UIApplicationSceneManifest_Generation[sdk=iphonesimulator*]" = YES;
				"INFOPLIST_KEY_UIApplicationSupportsIndirectInputEvents[sdk=iphoneos*]" = YES;
				"INFOPLIST_KEY_UIApplicationSupportsIndirectInputEvents[sdk=iphonesimulator*]" = YES;
				"INFOPLIST_KEY_UILaunchScreen_Generation[sdk=iphoneos*]" = YES;
				"INFOPLIST_KEY_UILaunchScreen_Generation[sdk=iphonesimulator*]" = YES;
				"INFOPLIST_KEY_UIStatusBarStyle[sdk=iphoneos*]" = UIStatusBarStyleDefault;
				"INFOPLIST_KEY_UIStatusBarStyle[sdk=iphonesimulator*]" = UIStatusBarStyleDefault;
				INFOPLIST_KEY_UISupportedInterfaceOrientations_iPad = "UIInterfaceOrientationPortrait UIInterfaceOrientationPortraitUpsideDown UIInterfaceOrientationLandscapeLeft UIInterfaceOrientationLandscapeRight";
				INFOPLIST_KEY_UISupportedInterfaceOrientations_iPhone = "UIInterfaceOrientationPortrait UIInterfaceOrientationLandscapeLeft UIInterfaceOrientationLandscapeRight";
				IPHONEOS_DEPLOYMENT_TARGET = 26.0;
				LD_RUNPATH_SEARCH_PATHS = "@executable_path/Frameworks";
				"LD_RUNPATH_SEARCH_PATHS[sdk=macosx*]" = "@executable_path/../Frameworks";
				MACOSX_DEPLOYMENT_TARGET = 26.0;
				MARKETING_VERSION = 1.0;
				PRODUCT_BUNDLE_IDENTIFIER = es.ual.HabitAppBasic;
				PRODUCT_NAME = "$(TARGET_NAME)";
				REGISTER_APP_GROUPS = YES;
				SDKROOT = auto;
				STRING_CATALOG_GENERATE_SYMBOLS = YES;
				SUPPORTED_PLATFORMS = "iphoneos iphonesimulator macosx xros xrsimulator";
				SWIFT_APPROACHABLE_CONCURRENCY = YES;
				SWIFT_DEFAULT_ACTOR_ISOLATION = MainActor;
				SWIFT_EMIT_LOC_STRINGS = YES;
				SWIFT_UPCOMING_FEATURE_MEMBER_IMPORT_VISIBILITY = YES;
				SWIFT_VERSION = 5.0;
				TARGETED_DEVICE_FAMILY = "1,2,7";
				XROS_DEPLOYMENT_TARGET = 26.0;
				SWIFT_ACTIVE_COMPILATION_CONDITIONS = "$(inherited) BASIC";
				EXCLUDED_SOURCE_FILE_NAMES = (
					"CoreCompletionStatsAdapter.swift",
					"CoreHabitStatsAdapter.swift",
					"DayDetailView.swift",
					"HabitBreakdownRowView.swift",
					"HabitCategoryAssignment.swift",
					"HabitCategoryDetailView.swift",
					"HabitCategoryPlugin.swift",
					"HabitCategoryRowView.swift",
					"HabitCategoryStorage.swift",
					"HabitCategoryViewModel.swift",
					"HabitCompletionRecord.swift",
					"HabitNote.swift",
					"HabitNoteDetailView.swift",
					"HabitNotePlugin.swift",
					"HabitNoteRowView.swift",
					"HabitNoteStorage.swift",
					"HabitNoteViewModel.swift",
					"HabitNotesSectionView.swift",
					"HabitNotesSectionViewModel.swift",
					"HabitStatisticsPlugin.swift",
					"HabitStatisticsSettingsView.swift",
					"HabitStatisticsView.swift",
					"HabitStatisticsViewModel.swift",
					"HabitStreakSummaryView.swift",
					"HabitStreakSummaryViewModel.swift",
					"MonthlyCalendarView.swift",
					"NoteDraft.swift",
					"NoteEditorView.swift",
					"NotesListView.swift",
					"NotesListViewModel.swift",
					"RecapDetailScreen.swift",
					"RecapDetailViewModel.swift",
					"StatisticsContracts.swift",
					"StatisticsDashboardView.swift",
					"StatsCalculator.swift",
					"StatsChartViews.swift",
					"StatsDateFormatter.swift",
					"StatsHabitFilterView.swift",
					"StatsHighlightBuilder.swift",
					"StatsLoadState.swift",
					"StatsModels.swift",
					"StatsOverviewScreen.swift",
					"StatsOverviewViewModel.swift",
					"StatsPeriod.swift",
					"StatsQuickCalendarView.swift",
				);
			};
			name = Release;
		};
		E1DF419ED362087A3D59C2DC /* Debug */ = {
			isa = XCBuildConfiguration;
			buildSettings = {
				ASSETCATALOG_COMPILER_APPICON_NAME = AppIcon;
				ASSETCATALOG_COMPILER_GLOBAL_ACCENT_COLOR_NAME = AccentColor;
				CODE_SIGN_STYLE = Automatic;
				CURRENT_PROJECT_VERSION = 1;
				ENABLE_APP_SANDBOX = YES;
				ENABLE_PREVIEWS = YES;
				ENABLE_USER_SELECTED_FILES = readonly;
				GENERATE_INFOPLIST_FILE = YES;
				"INFOPLIST_KEY_UIApplicationSceneManifest_Generation[sdk=iphoneos*]" = YES;
				"INFOPLIST_KEY_UIApplicationSceneManifest_Generation[sdk=iphonesimulator*]" = YES;
				"INFOPLIST_KEY_UIApplicationSupportsIndirectInputEvents[sdk=iphoneos*]" = YES;
				"INFOPLIST_KEY_UIApplicationSupportsIndirectInputEvents[sdk=iphonesimulator*]" = YES;
				"INFOPLIST_KEY_UILaunchScreen_Generation[sdk=iphoneos*]" = YES;
				"INFOPLIST_KEY_UILaunchScreen_Generation[sdk=iphonesimulator*]" = YES;
				"INFOPLIST_KEY_UIStatusBarStyle[sdk=iphoneos*]" = UIStatusBarStyleDefault;
				"INFOPLIST_KEY_UIStatusBarStyle[sdk=iphonesimulator*]" = UIStatusBarStyleDefault;
				INFOPLIST_KEY_UISupportedInterfaceOrientations_iPad = "UIInterfaceOrientationPortrait UIInterfaceOrientationPortraitUpsideDown UIInterfaceOrientationLandscapeLeft UIInterfaceOrientationLandscapeRight";
				INFOPLIST_KEY_UISupportedInterfaceOrientations_iPhone = "UIInterfaceOrientationPortrait UIInterfaceOrientationLandscapeLeft UIInterfaceOrientationLandscapeRight";
				IPHONEOS_DEPLOYMENT_TARGET = 26.0;
				LD_RUNPATH_SEARCH_PATHS = "@executable_path/Frameworks";
				"LD_RUNPATH_SEARCH_PATHS[sdk=macosx*]" = "@executable_path/../Frameworks";
				MACOSX_DEPLOYMENT_TARGET = 26.0;
				MARKETING_VERSION = 1.0;
				PRODUCT_BUNDLE_IDENTIFIER = es.ual.HabitAppPremium;
				PRODUCT_NAME = "$(TARGET_NAME)";
				REGISTER_APP_GROUPS = YES;
				SDKROOT = auto;
				STRING_CATALOG_GENERATE_SYMBOLS = YES;
				SUPPORTED_PLATFORMS = "iphoneos iphonesimulator macosx xros xrsimulator";
				SWIFT_APPROACHABLE_CONCURRENCY = YES;
				SWIFT_DEFAULT_ACTOR_ISOLATION = MainActor;
				SWIFT_EMIT_LOC_STRINGS = YES;
				SWIFT_UPCOMING_FEATURE_MEMBER_IMPORT_VISIBILITY = YES;
				SWIFT_VERSION = 5.0;
				TARGETED_DEVICE_FAMILY = "1,2,7";
				XROS_DEPLOYMENT_TARGET = 26.0;
				SWIFT_ACTIVE_COMPILATION_CONDITIONS = "$(inherited) PREMIUM PLUGIN_NOTES PLUGIN_STATS PLUGIN_CATEGORIES";
			};
			name = Debug;
		};
		13F9165C35CC1C046A341FB8 /* Release */ = {
			isa = XCBuildConfiguration;
			buildSettings = {
				ASSETCATALOG_COMPILER_APPICON_NAME = AppIcon;
				ASSETCATALOG_COMPILER_GLOBAL_ACCENT_COLOR_NAME = AccentColor;
				CODE_SIGN_STYLE = Automatic;
				CURRENT_PROJECT_VERSION = 1;
				ENABLE_APP_SANDBOX = YES;
				ENABLE_PREVIEWS = YES;
				ENABLE_USER_SELECTED_FILES = readonly;
				GENERATE_INFOPLIST_FILE = YES;
				"INFOPLIST_KEY_UIApplicationSceneManifest_Generation[sdk=iphoneos*]" = YES;
				"INFOPLIST_KEY_UIApplicationSceneManifest_Generation[sdk=iphonesimulator*]" = YES;
				"INFOPLIST_KEY_UIApplicationSupportsIndirectInputEvents[sdk=iphoneos*]" = YES;
				"INFOPLIST_KEY_UIApplicationSupportsIndirectInputEvents[sdk=iphonesimulator*]" = YES;
				"INFOPLIST_KEY_UILaunchScreen_Generation[sdk=iphoneos*]" = YES;
				"INFOPLIST_KEY_UILaunchScreen_Generation[sdk=iphonesimulator*]" = YES;
				"INFOPLIST_KEY_UIStatusBarStyle[sdk=iphoneos*]" = UIStatusBarStyleDefault;
				"INFOPLIST_KEY_UIStatusBarStyle[sdk=iphonesimulator*]" = UIStatusBarStyleDefault;
				INFOPLIST_KEY_UISupportedInterfaceOrientations_iPad = "UIInterfaceOrientationPortrait UIInterfaceOrientationPortraitUpsideDown UIInterfaceOrientationLandscapeLeft UIInterfaceOrientationLandscapeRight";
				INFOPLIST_KEY_UISupportedInterfaceOrientations_iPhone = "UIInterfaceOrientationPortrait UIInterfaceOrientationLandscapeLeft UIInterfaceOrientationLandscapeRight";
				IPHONEOS_DEPLOYMENT_TARGET = 26.0;
				LD_RUNPATH_SEARCH_PATHS = "@executable_path/Frameworks";
				"LD_RUNPATH_SEARCH_PATHS[sdk=macosx*]" = "@executable_path/../Frameworks";
				MACOSX_DEPLOYMENT_TARGET = 26.0;
				MARKETING_VERSION = 1.0;
				PRODUCT_BUNDLE_IDENTIFIER = es.ual.HabitAppPremium;
				PRODUCT_NAME = "$(TARGET_NAME)";
				REGISTER_APP_GROUPS = YES;
				SDKROOT = auto;
				STRING_CATALOG_GENERATE_SYMBOLS = YES;
				SUPPORTED_PLATFORMS = "iphoneos iphonesimulator macosx xros xrsimulator";
				SWIFT_APPROACHABLE_CONCURRENCY = YES;
				SWIFT_DEFAULT_ACTOR_ISOLATION = MainActor;
				SWIFT_EMIT_LOC_STRINGS = YES;
				SWIFT_UPCOMING_FEATURE_MEMBER_IMPORT_VISIBILITY = YES;
				SWIFT_VERSION = 5.0;
				TARGETED_DEVICE_FAMILY = "1,2,7";
				XROS_DEPLOYMENT_TARGET = 26.0;
				SWIFT_ACTIVE_COMPILATION_CONDITIONS = "$(inherited) PREMIUM PLUGIN_NOTES PLUGIN_STATS PLUGIN_CATEGORIES";
			};
			name = Release;
		};
		ACBCD249888AA6EF318B60BC /* Debug */ = {
			isa = XCBuildConfiguration;
			buildSettings = {
				ASSETCATALOG_COMPILER_APPICON_NAME = AppIcon;
				ASSETCATALOG_COMPILER_GLOBAL_ACCENT_COLOR_NAME = AccentColor;
				CODE_SIGN_STYLE = Automatic;
				CURRENT_PROJECT_VERSION = 1;
				ENABLE_APP_SANDBOX = YES;
				ENABLE_PREVIEWS = YES;
				ENABLE_USER_SELECTED_FILES = readonly;
				GENERATE_INFOPLIST_FILE = YES;
				"INFOPLIST_KEY_UIApplicationSceneManifest_Generation[sdk=iphoneos*]" = YES;
				"INFOPLIST_KEY_UIApplicationSceneManifest_Generation[sdk=iphonesimulator*]" = YES;
				"INFOPLIST_KEY_UIApplicationSupportsIndirectInputEvents[sdk=iphoneos*]" = YES;
				"INFOPLIST_KEY_UIApplicationSupportsIndirectInputEvents[sdk=iphonesimulator*]" = YES;
				"INFOPLIST_KEY_UILaunchScreen_Generation[sdk=iphoneos*]" = YES;
				"INFOPLIST_KEY_UILaunchScreen_Generation[sdk=iphonesimulator*]" = YES;
				"INFOPLIST_KEY_UIStatusBarStyle[sdk=iphoneos*]" = UIStatusBarStyleDefault;
				"INFOPLIST_KEY_UIStatusBarStyle[sdk=iphonesimulator*]" = UIStatusBarStyleDefault;
				INFOPLIST_KEY_UISupportedInterfaceOrientations_iPad = "UIInterfaceOrientationPortrait UIInterfaceOrientationPortraitUpsideDown UIInterfaceOrientationLandscapeLeft UIInterfaceOrientationLandscapeRight";
				INFOPLIST_KEY_UISupportedInterfaceOrientations_iPhone = "UIInterfaceOrientationPortrait UIInterfaceOrientationLandscapeLeft UIInterfaceOrientationLandscapeRight";
				IPHONEOS_DEPLOYMENT_TARGET = 26.0;
				LD_RUNPATH_SEARCH_PATHS = "@executable_path/Frameworks";
				"LD_RUNPATH_SEARCH_PATHS[sdk=macosx*]" = "@executable_path/../Frameworks";
				MACOSX_DEPLOYMENT_TARGET = 26.0;
				MARKETING_VERSION = 1.0;
				PRODUCT_BUNDLE_IDENTIFIER = es.ual.HabitAppBasicNotes;
				PRODUCT_NAME = "$(TARGET_NAME)";
				REGISTER_APP_GROUPS = YES;
				SDKROOT = auto;
				STRING_CATALOG_GENERATE_SYMBOLS = YES;
				SUPPORTED_PLATFORMS = "iphoneos iphonesimulator macosx xros xrsimulator";
				SWIFT_APPROACHABLE_CONCURRENCY = YES;
				SWIFT_DEFAULT_ACTOR_ISOLATION = MainActor;
				SWIFT_EMIT_LOC_STRINGS = YES;
				SWIFT_UPCOMING_FEATURE_MEMBER_IMPORT_VISIBILITY = YES;
				SWIFT_VERSION = 5.0;
				TARGETED_DEVICE_FAMILY = "1,2,7";
				XROS_DEPLOYMENT_TARGET = 26.0;
				SWIFT_ACTIVE_COMPILATION_CONDITIONS = "$(inherited) PLUGIN_NOTES";
				EXCLUDED_SOURCE_FILE_NAMES = (
					"CoreCompletionStatsAdapter.swift",
					"CoreHabitStatsAdapter.swift",
					"DayDetailView.swift",
					"HabitBreakdownRowView.swift",
					"HabitCategoryAssignment.swift",
					"HabitCategoryDetailView.swift",
					"HabitCategoryPlugin.swift",
					"HabitCategoryRowView.swift",
					"HabitCategoryStorage.swift",
					"HabitCategoryViewModel.swift",
					"HabitCompletionRecord.swift",
					"HabitStatisticsPlugin.swift",
					"HabitStatisticsSettingsView.swift",
					"HabitStatisticsView.swift",
					"HabitStatisticsViewModel.swift",
					"HabitStreakSummaryView.swift",
					"HabitStreakSummaryViewModel.swift",
					"MonthlyCalendarView.swift",
					"RecapDetailScreen.swift",
					"RecapDetailViewModel.swift",
					"StatisticsContracts.swift",
					"StatisticsDashboardView.swift",
					"StatsCalculator.swift",
					"StatsChartViews.swift",
					"StatsDateFormatter.swift",
					"StatsHabitFilterView.swift",
					"StatsHighlightBuilder.swift",
					"StatsLoadState.swift",
					"StatsModels.swift",
					"StatsOverviewScreen.swift",
					"StatsOverviewViewModel.swift",
					"StatsPeriod.swift",
					"StatsQuickCalendarView.swift",
				);
			};
			name = Debug;
		};
		1464EC69E2AB130467EB052B /* Release */ = {
			isa = XCBuildConfiguration;
			buildSettings = {
				ASSETCATALOG_COMPILER_APPICON_NAME = AppIcon;
				ASSETCATALOG_COMPILER_GLOBAL_ACCENT_COLOR_NAME = AccentColor;
				CODE_SIGN_STYLE = Automatic;
				CURRENT_PROJECT_VERSION = 1;
				ENABLE_APP_SANDBOX = YES;
				ENABLE_PREVIEWS = YES;
				ENABLE_USER_SELECTED_FILES = readonly;
				GENERATE_INFOPLIST_FILE = YES;
				"INFOPLIST_KEY_UIApplicationSceneManifest_Generation[sdk=iphoneos*]" = YES;
				"INFOPLIST_KEY_UIApplicationSceneManifest_Generation[sdk=iphonesimulator*]" = YES;
				"INFOPLIST_KEY_UIApplicationSupportsIndirectInputEvents[sdk=iphoneos*]" = YES;
				"INFOPLIST_KEY_UIApplicationSupportsIndirectInputEvents[sdk=iphonesimulator*]" = YES;
				"INFOPLIST_KEY_UILaunchScreen_Generation[sdk=iphoneos*]" = YES;
				"INFOPLIST_KEY_UILaunchScreen_Generation[sdk=iphonesimulator*]" = YES;
				"INFOPLIST_KEY_UIStatusBarStyle[sdk=iphoneos*]" = UIStatusBarStyleDefault;
				"INFOPLIST_KEY_UIStatusBarStyle[sdk=iphonesimulator*]" = UIStatusBarStyleDefault;
				INFOPLIST_KEY_UISupportedInterfaceOrientations_iPad = "UIInterfaceOrientationPortrait UIInterfaceOrientationPortraitUpsideDown UIInterfaceOrientationLandscapeLeft UIInterfaceOrientationLandscapeRight";
				INFOPLIST_KEY_UISupportedInterfaceOrientations_iPhone = "UIInterfaceOrientationPortrait UIInterfaceOrientationLandscapeLeft UIInterfaceOrientationLandscapeRight";
				IPHONEOS_DEPLOYMENT_TARGET = 26.0;
				LD_RUNPATH_SEARCH_PATHS = "@executable_path/Frameworks";
				"LD_RUNPATH_SEARCH_PATHS[sdk=macosx*]" = "@executable_path/../Frameworks";
				MACOSX_DEPLOYMENT_TARGET = 26.0;
				MARKETING_VERSION = 1.0;
				PRODUCT_BUNDLE_IDENTIFIER = es.ual.HabitAppBasicNotes;
				PRODUCT_NAME = "$(TARGET_NAME)";
				REGISTER_APP_GROUPS = YES;
				SDKROOT = auto;
				STRING_CATALOG_GENERATE_SYMBOLS = YES;
				SUPPORTED_PLATFORMS = "iphoneos iphonesimulator macosx xros xrsimulator";
				SWIFT_APPROACHABLE_CONCURRENCY = YES;
				SWIFT_DEFAULT_ACTOR_ISOLATION = MainActor;
				SWIFT_EMIT_LOC_STRINGS = YES;
				SWIFT_UPCOMING_FEATURE_MEMBER_IMPORT_VISIBILITY = YES;
				SWIFT_VERSION = 5.0;
				TARGETED_DEVICE_FAMILY = "1,2,7";
				XROS_DEPLOYMENT_TARGET = 26.0;
				SWIFT_ACTIVE_COMPILATION_CONDITIONS = "$(inherited) PLUGIN_NOTES";
				EXCLUDED_SOURCE_FILE_NAMES = (
					"CoreCompletionStatsAdapter.swift",
					"CoreHabitStatsAdapter.swift",
					"DayDetailView.swift",
					"HabitBreakdownRowView.swift",
					"HabitCategoryAssignment.swift",
					"HabitCategoryDetailView.swift",
					"HabitCategoryPlugin.swift",
					"HabitCategoryRowView.swift",
					"HabitCategoryStorage.swift",
					"HabitCategoryViewModel.swift",
					"HabitCompletionRecord.swift",
					"HabitStatisticsPlugin.swift",
					"HabitStatisticsSettingsView.swift",
					"HabitStatisticsView.swift",
					"HabitStatisticsViewModel.swift",
					"HabitStreakSummaryView.swift",
					"HabitStreakSummaryViewModel.swift",
					"MonthlyCalendarView.swift",
					"RecapDetailScreen.swift",
					"RecapDetailViewModel.swift",
					"StatisticsContracts.swift",
					"StatisticsDashboardView.swift",
					"StatsCalculator.swift",
					"StatsChartViews.swift",
					"StatsDateFormatter.swift",
					"StatsHabitFilterView.swift",
					"StatsHighlightBuilder.swift",
					"StatsLoadState.swift",
					"StatsModels.swift",
					"StatsOverviewScreen.swift",
					"StatsOverviewViewModel.swift",
					"StatsPeriod.swift",
					"StatsQuickCalendarView.swift",
				);
			};
			name = Release;
		};
		5C4805A5C7E1CD6383485CDA /* Debug */ = {
			isa = XCBuildConfiguration;
			buildSettings = {
				ASSETCATALOG_COMPILER_APPICON_NAME = AppIcon;
				ASSETCATALOG_COMPILER_GLOBAL_ACCENT_COLOR_NAME = AccentColor;
				CODE_SIGN_STYLE = Automatic;
				CURRENT_PROJECT_VERSION = 1;
				ENABLE_APP_SANDBOX = YES;
				ENABLE_PREVIEWS = YES;
				ENABLE_USER_SELECTED_FILES = readonly;
				GENERATE_INFOPLIST_FILE = YES;
				"INFOPLIST_KEY_UIApplicationSceneManifest_Generation[sdk=iphoneos*]" = YES;
				"INFOPLIST_KEY_UIApplicationSceneManifest_Generation[sdk=iphonesimulator*]" = YES;
				"INFOPLIST_KEY_UIApplicationSupportsIndirectInputEvents[sdk=iphoneos*]" = YES;
				"INFOPLIST_KEY_UIApplicationSupportsIndirectInputEvents[sdk=iphonesimulator*]" = YES;
				"INFOPLIST_KEY_UILaunchScreen_Generation[sdk=iphoneos*]" = YES;
				"INFOPLIST_KEY_UILaunchScreen_Generation[sdk=iphonesimulator*]" = YES;
				"INFOPLIST_KEY_UIStatusBarStyle[sdk=iphoneos*]" = UIStatusBarStyleDefault;
				"INFOPLIST_KEY_UIStatusBarStyle[sdk=iphonesimulator*]" = UIStatusBarStyleDefault;
				INFOPLIST_KEY_UISupportedInterfaceOrientations_iPad = "UIInterfaceOrientationPortrait UIInterfaceOrientationPortraitUpsideDown UIInterfaceOrientationLandscapeLeft UIInterfaceOrientationLandscapeRight";
				INFOPLIST_KEY_UISupportedInterfaceOrientations_iPhone = "UIInterfaceOrientationPortrait UIInterfaceOrientationLandscapeLeft UIInterfaceOrientationLandscapeRight";
				IPHONEOS_DEPLOYMENT_TARGET = 26.0;
				LD_RUNPATH_SEARCH_PATHS = "@executable_path/Frameworks";
				"LD_RUNPATH_SEARCH_PATHS[sdk=macosx*]" = "@executable_path/../Frameworks";
				MACOSX_DEPLOYMENT_TARGET = 26.0;
				MARKETING_VERSION = 1.0;
				PRODUCT_BUNDLE_IDENTIFIER = es.ual.HabitAppBasicStats;
				PRODUCT_NAME = "$(TARGET_NAME)";
				REGISTER_APP_GROUPS = YES;
				SDKROOT = auto;
				STRING_CATALOG_GENERATE_SYMBOLS = YES;
				SUPPORTED_PLATFORMS = "iphoneos iphonesimulator macosx xros xrsimulator";
				SWIFT_APPROACHABLE_CONCURRENCY = YES;
				SWIFT_DEFAULT_ACTOR_ISOLATION = MainActor;
				SWIFT_EMIT_LOC_STRINGS = YES;
				SWIFT_UPCOMING_FEATURE_MEMBER_IMPORT_VISIBILITY = YES;
				SWIFT_VERSION = 5.0;
				TARGETED_DEVICE_FAMILY = "1,2,7";
				XROS_DEPLOYMENT_TARGET = 26.0;
				SWIFT_ACTIVE_COMPILATION_CONDITIONS = "$(inherited) PLUGIN_STATS";
				EXCLUDED_SOURCE_FILE_NAMES = (
					"HabitCategoryAssignment.swift",
					"HabitCategoryDetailView.swift",
					"HabitCategoryPlugin.swift",
					"HabitCategoryRowView.swift",
					"HabitCategoryStorage.swift",
					"HabitCategoryViewModel.swift",
					"HabitNote.swift",
					"HabitNoteDetailView.swift",
					"HabitNotePlugin.swift",
					"HabitNoteRowView.swift",
					"HabitNoteStorage.swift",
					"HabitNoteViewModel.swift",
					"HabitNotesSectionView.swift",
					"HabitNotesSectionViewModel.swift",
					"NoteDraft.swift",
					"NoteEditorView.swift",
					"NotesListView.swift",
					"NotesListViewModel.swift",
				);
			};
			name = Debug;
		};
		1DCE20C4D63DDD3EDF6B5F73 /* Release */ = {
			isa = XCBuildConfiguration;
			buildSettings = {
				ASSETCATALOG_COMPILER_APPICON_NAME = AppIcon;
				ASSETCATALOG_COMPILER_GLOBAL_ACCENT_COLOR_NAME = AccentColor;
				CODE_SIGN_STYLE = Automatic;
				CURRENT_PROJECT_VERSION = 1;
				ENABLE_APP_SANDBOX = YES;
				ENABLE_PREVIEWS = YES;
				ENABLE_USER_SELECTED_FILES = readonly;
				GENERATE_INFOPLIST_FILE = YES;
				"INFOPLIST_KEY_UIApplicationSceneManifest_Generation[sdk=iphoneos*]" = YES;
				"INFOPLIST_KEY_UIApplicationSceneManifest_Generation[sdk=iphonesimulator*]" = YES;
				"INFOPLIST_KEY_UIApplicationSupportsIndirectInputEvents[sdk=iphoneos*]" = YES;
				"INFOPLIST_KEY_UIApplicationSupportsIndirectInputEvents[sdk=iphonesimulator*]" = YES;
				"INFOPLIST_KEY_UILaunchScreen_Generation[sdk=iphoneos*]" = YES;
				"INFOPLIST_KEY_UILaunchScreen_Generation[sdk=iphonesimulator*]" = YES;
				"INFOPLIST_KEY_UIStatusBarStyle[sdk=iphoneos*]" = UIStatusBarStyleDefault;
				"INFOPLIST_KEY_UIStatusBarStyle[sdk=iphonesimulator*]" = UIStatusBarStyleDefault;
				INFOPLIST_KEY_UISupportedInterfaceOrientations_iPad = "UIInterfaceOrientationPortrait UIInterfaceOrientationPortraitUpsideDown UIInterfaceOrientationLandscapeLeft UIInterfaceOrientationLandscapeRight";
				INFOPLIST_KEY_UISupportedInterfaceOrientations_iPhone = "UIInterfaceOrientationPortrait UIInterfaceOrientationLandscapeLeft UIInterfaceOrientationLandscapeRight";
				IPHONEOS_DEPLOYMENT_TARGET = 26.0;
				LD_RUNPATH_SEARCH_PATHS = "@executable_path/Frameworks";
				"LD_RUNPATH_SEARCH_PATHS[sdk=macosx*]" = "@executable_path/../Frameworks";
				MACOSX_DEPLOYMENT_TARGET = 26.0;
				MARKETING_VERSION = 1.0;
				PRODUCT_BUNDLE_IDENTIFIER = es.ual.HabitAppBasicStats;
				PRODUCT_NAME = "$(TARGET_NAME)";
				REGISTER_APP_GROUPS = YES;
				SDKROOT = auto;
				STRING_CATALOG_GENERATE_SYMBOLS = YES;
				SUPPORTED_PLATFORMS = "iphoneos iphonesimulator macosx xros xrsimulator";
				SWIFT_APPROACHABLE_CONCURRENCY = YES;
				SWIFT_DEFAULT_ACTOR_ISOLATION = MainActor;
				SWIFT_EMIT_LOC_STRINGS = YES;
				SWIFT_UPCOMING_FEATURE_MEMBER_IMPORT_VISIBILITY = YES;
				SWIFT_VERSION = 5.0;
				TARGETED_DEVICE_FAMILY = "1,2,7";
				XROS_DEPLOYMENT_TARGET = 26.0;
				SWIFT_ACTIVE_COMPILATION_CONDITIONS = "$(inherited) PLUGIN_STATS";
				EXCLUDED_SOURCE_FILE_NAMES = (
					"HabitCategoryAssignment.swift",
					"HabitCategoryDetailView.swift",
					"HabitCategoryPlugin.swift",
					"HabitCategoryRowView.swift",
					"HabitCategoryStorage.swift",
					"HabitCategoryViewModel.swift",
					"HabitNote.swift",
					"HabitNoteDetailView.swift",
					"HabitNotePlugin.swift",
					"HabitNoteRowView.swift",
					"HabitNoteStorage.swift",
					"HabitNoteViewModel.swift",
					"HabitNotesSectionView.swift",
					"HabitNotesSectionViewModel.swift",
					"NoteDraft.swift",
					"NoteEditorView.swift",
					"NotesListView.swift",
					"NotesListViewModel.swift",
				);
			};
			name = Release;
		};
		F2389D3CA77AF6B849817B96 /* Debug */ = {
			isa = XCBuildConfiguration;
			buildSettings = {
				ASSETCATALOG_COMPILER_APPICON_NAME = AppIcon;
				ASSETCATALOG_COMPILER_GLOBAL_ACCENT_COLOR_NAME = AccentColor;
				CODE_SIGN_STYLE = Automatic;
				CURRENT_PROJECT_VERSION = 1;
				ENABLE_APP_SANDBOX = YES;
				ENABLE_PREVIEWS = YES;
				ENABLE_USER_SELECTED_FILES = readonly;
				GENERATE_INFOPLIST_FILE = YES;
				"INFOPLIST_KEY_UIApplicationSceneManifest_Generation[sdk=iphoneos*]" = YES;
				"INFOPLIST_KEY_UIApplicationSceneManifest_Generation[sdk=iphonesimulator*]" = YES;
				"INFOPLIST_KEY_UIApplicationSupportsIndirectInputEvents[sdk=iphoneos*]" = YES;
				"INFOPLIST_KEY_UIApplicationSupportsIndirectInputEvents[sdk=iphonesimulator*]" = YES;
				"INFOPLIST_KEY_UILaunchScreen_Generation[sdk=iphoneos*]" = YES;
				"INFOPLIST_KEY_UILaunchScreen_Generation[sdk=iphonesimulator*]" = YES;
				"INFOPLIST_KEY_UIStatusBarStyle[sdk=iphoneos*]" = UIStatusBarStyleDefault;
				"INFOPLIST_KEY_UIStatusBarStyle[sdk=iphonesimulator*]" = UIStatusBarStyleDefault;
				INFOPLIST_KEY_UISupportedInterfaceOrientations_iPad = "UIInterfaceOrientationPortrait UIInterfaceOrientationPortraitUpsideDown UIInterfaceOrientationLandscapeLeft UIInterfaceOrientationLandscapeRight";
				INFOPLIST_KEY_UISupportedInterfaceOrientations_iPhone = "UIInterfaceOrientationPortrait UIInterfaceOrientationLandscapeLeft UIInterfaceOrientationLandscapeRight";
				IPHONEOS_DEPLOYMENT_TARGET = 26.0;
				LD_RUNPATH_SEARCH_PATHS = "@executable_path/Frameworks";
				"LD_RUNPATH_SEARCH_PATHS[sdk=macosx*]" = "@executable_path/../Frameworks";
				MACOSX_DEPLOYMENT_TARGET = 26.0;
				MARKETING_VERSION = 1.0;
				PRODUCT_BUNDLE_IDENTIFIER = es.ual.HabitAppBasicCategories;
				PRODUCT_NAME = "$(TARGET_NAME)";
				REGISTER_APP_GROUPS = YES;
				SDKROOT = auto;
				STRING_CATALOG_GENERATE_SYMBOLS = YES;
				SUPPORTED_PLATFORMS = "iphoneos iphonesimulator macosx xros xrsimulator";
				SWIFT_APPROACHABLE_CONCURRENCY = YES;
				SWIFT_DEFAULT_ACTOR_ISOLATION = MainActor;
				SWIFT_EMIT_LOC_STRINGS = YES;
				SWIFT_UPCOMING_FEATURE_MEMBER_IMPORT_VISIBILITY = YES;
				SWIFT_VERSION = 5.0;
				TARGETED_DEVICE_FAMILY = "1,2,7";
				XROS_DEPLOYMENT_TARGET = 26.0;
				SWIFT_ACTIVE_COMPILATION_CONDITIONS = "$(inherited) PLUGIN_CATEGORIES";
				EXCLUDED_SOURCE_FILE_NAMES = (
					"CoreCompletionStatsAdapter.swift",
					"CoreHabitStatsAdapter.swift",
					"DayDetailView.swift",
					"HabitBreakdownRowView.swift",
					"HabitCompletionRecord.swift",
					"HabitNote.swift",
					"HabitNoteDetailView.swift",
					"HabitNotePlugin.swift",
					"HabitNoteRowView.swift",
					"HabitNoteStorage.swift",
					"HabitNoteViewModel.swift",
					"HabitNotesSectionView.swift",
					"HabitNotesSectionViewModel.swift",
					"HabitStatisticsPlugin.swift",
					"HabitStatisticsSettingsView.swift",
					"HabitStatisticsView.swift",
					"HabitStatisticsViewModel.swift",
					"HabitStreakSummaryView.swift",
					"HabitStreakSummaryViewModel.swift",
					"MonthlyCalendarView.swift",
					"NoteDraft.swift",
					"NoteEditorView.swift",
					"NotesListView.swift",
					"NotesListViewModel.swift",
					"RecapDetailScreen.swift",
					"RecapDetailViewModel.swift",
					"StatisticsContracts.swift",
					"StatisticsDashboardView.swift",
					"StatsCalculator.swift",
					"StatsChartViews.swift",
					"StatsDateFormatter.swift",
					"StatsHabitFilterView.swift",
					"StatsHighlightBuilder.swift",
					"StatsLoadState.swift",
					"StatsModels.swift",
					"StatsOverviewScreen.swift",
					"StatsOverviewViewModel.swift",
					"StatsPeriod.swift",
					"StatsQuickCalendarView.swift",
				);
			};
			name = Debug;
		};
		AB0D9BBA7742384DD35CF8D6 /* Release */ = {
			isa = XCBuildConfiguration;
			buildSettings = {
				ASSETCATALOG_COMPILER_APPICON_NAME = AppIcon;
				ASSETCATALOG_COMPILER_GLOBAL_ACCENT_COLOR_NAME = AccentColor;
				CODE_SIGN_STYLE = Automatic;
				CURRENT_PROJECT_VERSION = 1;
				ENABLE_APP_SANDBOX = YES;
				ENABLE_PREVIEWS = YES;
				ENABLE_USER_SELECTED_FILES = readonly;
				GENERATE_INFOPLIST_FILE = YES;
				"INFOPLIST_KEY_UIApplicationSceneManifest_Generation[sdk=iphoneos*]" = YES;
				"INFOPLIST_KEY_UIApplicationSceneManifest_Generation[sdk=iphonesimulator*]" = YES;
				"INFOPLIST_KEY_UIApplicationSupportsIndirectInputEvents[sdk=iphoneos*]" = YES;
				"INFOPLIST_KEY_UIApplicationSupportsIndirectInputEvents[sdk=iphonesimulator*]" = YES;
				"INFOPLIST_KEY_UILaunchScreen_Generation[sdk=iphoneos*]" = YES;
				"INFOPLIST_KEY_UILaunchScreen_Generation[sdk=iphonesimulator*]" = YES;
				"INFOPLIST_KEY_UIStatusBarStyle[sdk=iphoneos*]" = UIStatusBarStyleDefault;
				"INFOPLIST_KEY_UIStatusBarStyle[sdk=iphonesimulator*]" = UIStatusBarStyleDefault;
				INFOPLIST_KEY_UISupportedInterfaceOrientations_iPad = "UIInterfaceOrientationPortrait UIInterfaceOrientationPortraitUpsideDown UIInterfaceOrientationLandscapeLeft UIInterfaceOrientationLandscapeRight";
				INFOPLIST_KEY_UISupportedInterfaceOrientations_iPhone = "UIInterfaceOrientationPortrait UIInterfaceOrientationLandscapeLeft UIInterfaceOrientationLandscapeRight";
				IPHONEOS_DEPLOYMENT_TARGET = 26.0;
				LD_RUNPATH_SEARCH_PATHS = "@executable_path/Frameworks";
				"LD_RUNPATH_SEARCH_PATHS[sdk=macosx*]" = "@executable_path/../Frameworks";
				MACOSX_DEPLOYMENT_TARGET = 26.0;
				MARKETING_VERSION = 1.0;
				PRODUCT_BUNDLE_IDENTIFIER = es.ual.HabitAppBasicCategories;
				PRODUCT_NAME = "$(TARGET_NAME)";
				REGISTER_APP_GROUPS = YES;
				SDKROOT = auto;
				STRING_CATALOG_GENERATE_SYMBOLS = YES;
				SUPPORTED_PLATFORMS = "iphoneos iphonesimulator macosx xros xrsimulator";
				SWIFT_APPROACHABLE_CONCURRENCY = YES;
				SWIFT_DEFAULT_ACTOR_ISOLATION = MainActor;
				SWIFT_EMIT_LOC_STRINGS = YES;
				SWIFT_UPCOMING_FEATURE_MEMBER_IMPORT_VISIBILITY = YES;
				SWIFT_VERSION = 5.0;
				TARGETED_DEVICE_FAMILY = "1,2,7";
				XROS_DEPLOYMENT_TARGET = 26.0;
				SWIFT_ACTIVE_COMPILATION_CONDITIONS = "$(inherited) PLUGIN_CATEGORIES";
				EXCLUDED_SOURCE_FILE_NAMES = (
					"CoreCompletionStatsAdapter.swift",
					"CoreHabitStatsAdapter.swift",
					"DayDetailView.swift",
					"HabitBreakdownRowView.swift",
					"HabitCompletionRecord.swift",
					"HabitNote.swift",
					"HabitNoteDetailView.swift",
					"HabitNotePlugin.swift",
					"HabitNoteRowView.swift",
					"HabitNoteStorage.swift",
					"HabitNoteViewModel.swift",
					"HabitNotesSectionView.swift",
					"HabitNotesSectionViewModel.swift",
					"HabitStatisticsPlugin.swift",
					"HabitStatisticsSettingsView.swift",
					"HabitStatisticsView.swift",
					"HabitStatisticsViewModel.swift",
					"HabitStreakSummaryView.swift",
					"HabitStreakSummaryViewModel.swift",
					"MonthlyCalendarView.swift",
					"NoteDraft.swift",
					"NoteEditorView.swift",
					"NotesListView.swift",
					"NotesListViewModel.swift",
					"RecapDetailScreen.swift",
					"RecapDetailViewModel.swift",
					"StatisticsContracts.swift",
					"StatisticsDashboardView.swift",
					"StatsCalculator.swift",
					"StatsChartViews.swift",
					"StatsDateFormatter.swift",
					"StatsHabitFilterView.swift",
					"StatsHighlightBuilder.swift",
					"StatsLoadState.swift",
					"StatsModels.swift",
					"StatsOverviewScreen.swift",
					"StatsOverviewViewModel.swift",
					"StatsPeriod.swift",
					"StatsQuickCalendarView.swift",
				);
			};
			name = Release;
		};
/* End XCBuildConfiguration section */

/* Begin XCConfigurationList section */
		27A32E10BC5342B5B9A6759C /* Build configuration list for PBXNativeTarget "HabitAppTests" */ = {
			isa = XCConfigurationList;
			buildConfigurations = (
				23DF310925E042C2809F61D5 /* Debug */,
				8D3901C1519746D995AF4C6E /* Release */,
			);
			defaultConfigurationIsVisible = 0;
			defaultConfigurationName = Release;
		};
		35E9D4912EA00C5900FFF50B /* Build configuration list for PBXProject "HabitApp" */ = {
			isa = XCConfigurationList;
			buildConfigurations = (
				35E9D49F2EA00C5C00FFF50B /* Debug */,
				35E9D4A02EA00C5C00FFF50B /* Release */,
			);
			defaultConfigurationIsVisible = 0;
			defaultConfigurationName = Release;
		};
		35E9D4A12EA00C5C00FFF50B /* Build configuration list for PBXNativeTarget "HabitApp" */ = {
			isa = XCConfigurationList;
			buildConfigurations = (
				35E9D4A22EA00C5C00FFF50B /* Debug */,
				35E9D4A32EA00C5C00FFF50B /* Release */,
			);
			defaultConfigurationIsVisible = 0;
			defaultConfigurationName = Release;
		};
		838045EE1CCFF19F99A5F096 /* Build configuration list for PBXNativeTarget "HabitAppBasic" */ = {
			isa = XCConfigurationList;
			buildConfigurations = (
				F2230921D1B6E7F1E9179EA0 /* Debug */,
				04CE79156D1A91762B765E1C /* Release */,
			);
			defaultConfigurationIsVisible = 0;
			defaultConfigurationName = Release;
		};
		54A3421C38EC7203AB3045A3 /* Build configuration list for PBXNativeTarget "HabitAppPremium" */ = {
			isa = XCConfigurationList;
			buildConfigurations = (
				E1DF419ED362087A3D59C2DC /* Debug */,
				13F9165C35CC1C046A341FB8 /* Release */,
			);
			defaultConfigurationIsVisible = 0;
			defaultConfigurationName = Release;
		};
		75E25033579CEAE1BEEE71EB /* Build configuration list for PBXNativeTarget "HabitAppBasicNotes" */ = {
			isa = XCConfigurationList;
			buildConfigurations = (
				ACBCD249888AA6EF318B60BC /* Debug */,
				1464EC69E2AB130467EB052B /* Release */,
			);
			defaultConfigurationIsVisible = 0;
			defaultConfigurationName = Release;
		};
		5C1DF9779159132F3C974C14 /* Build configuration list for PBXNativeTarget "HabitAppBasicStats" */ = {
			isa = XCConfigurationList;
			buildConfigurations = (
				5C4805A5C7E1CD6383485CDA /* Debug */,
				1DCE20C4D63DDD3EDF6B5F73 /* Release */,
			);
			defaultConfigurationIsVisible = 0;
			defaultConfigurationName = Release;
		};
		F2C088BB1481EC537147CD92 /* Build configuration list for PBXNativeTarget "HabitAppBasicCategories" */ = {
			isa = XCConfigurationList;
			buildConfigurations = (
				F2389D3CA77AF6B849817B96 /* Debug */,
				AB0D9BBA7742384DD35CF8D6 /* Release */,
			);
			defaultConfigurationIsVisible = 0;
			defaultConfigurationName = Release;
		};

/* End XCConfigurationList section */
	};
	rootObject = 35E9D48E2EA00C5900FFF50B /* Project object */;
}
